
Microsoft Visual Studio Solution File, Format Version 12.00
# Visual Studio Version 17
VisualStudioVersion = 17.13.35913.81 d17.13
MinimumVisualStudioVersion = 10.0.40219.1
Project("{FAE04EC0-301F-11D3-BF4B-00C04F79EFBC}") = "EmailService", "EmailService\EmailService.csproj", "{73794FCF-78F5-4F88-BF51-1FB2D55858CE}"
EndProject
Global
	GlobalSection(SolutionConfigurationPlatforms) = preSolution
		Debug|Any CPU = Debug|Any CPU
		Release|Any CPU = Release|Any CPU
	EndGlobalSection
	GlobalSection(ProjectConfigurationPlatforms) = postSolution
		{73794FCF-78F5-4F88-BF51-1FB2D55858CE}.Debug|Any CPU.ActiveCfg = Debug|Any CPU
		{73794FCF-78F5-4F88-BF51-1FB2D55858CE}.Debug|Any CPU.Build.0 = Debug|Any CPU
		{73794FCF-78F5-4F88-BF51-1FB2D55858CE}.Release|Any CPU.ActiveCfg = Release|Any CPU
		{73794FCF-78F5-4F88-BF51-1FB2D55858CE}.Release|Any CPU.Build.0 = Release|Any CPU
	EndGlobalSection
	GlobalSection(SolutionProperties) = preSolution
		HideSolutionNode = FALSE
	EndGlobalSection
	GlobalSection(ExtensibilityGlobals) = postSolution
		SolutionGuid = {64A23F22-717E-4C5C-8D23-C903AF92F510}
	EndGlobalSection
EndGlobal
